
Microsoft Visual Studio Solution File, Format Version 12.00
# Visual Studio Version 17
VisualStudioVersion = 17.0.31612.314
MinimumVisualStudioVersion = 10.0.40219.1
Project("{9A19103F-16F7-4668-BE54-9A1E7A4F7556}") = "210712_Demo01_Aysnc", "210712_Demo01_Aysnc.csproj", "{41D461D0-4DB1-4E28-A902-37D7A2A989C9}"
EndProject
Project("{9A19103F-16F7-4668-BE54-9A1E7A4F7556}") = "210713_Demon01_TaskWhenAll", "..\20170713_Demon01_TaskWhenAll\210713_Demon01_TaskWhenAll.csproj", "{9B9047B2-A386-46F7-96A1-3A79638C0154}"
EndProject
Project("{9A19103F-16F7-4668-BE54-9A1E7A4F7556}") = "210713_Demo02_LIQNImprotant", "..\20210713_Demo02_LIQNImprotant\210713_Demo02_LIQNImprotant.csproj", "{C34E5E00-948B-40D3-B905-31104516F2FD}"
EndProject
Project("{9A19103F-16F7-4668-BE54-9A1E7A4F7556}") = "210717_Demon01_LINQExpand", "..\210717_Demon01_LINQExpand\210717_Demon01_LINQExpand.csproj", "{7DB32AF0-065A-484A-BD96-9456C7633E34}"
EndProject
Project("{9A19103F-16F7-4668-BE54-9A1E7A4F7556}") = "210717_Demon02_LINQSelect", "..\210717_Demon02_LINQSelect\210717_Demon02_LINQSelect.csproj", "{AE088C02-CA98-4F80-9B48-4A6CD3425553}"
EndProject
Project("{9A19103F-16F7-4668-BE54-9A1E7A4F7556}") = "210720_Demon01_ADONET", "..\210720_Demon01_ADONET\210720_Demon01_ADONET.csproj", "{5BA4FF60-1831-4478-92A2-395D126CD6D7}"
EndProject
Project("{9A19103F-16F7-4668-BE54-9A1E7A4F7556}") = "210720_Demon02_InfectDI", "..\210720_Demon02_InfectDI\210720_Demon02_InfectDI.csproj", "{E76B9D45-51D9-41C1-BBDC-2734EB0B9CB7}"
EndProject
Project("{9A19103F-16F7-4668-BE54-9A1E7A4F7556}") = "210720_Demon03_LogServiceDLL", "..\210720_Demon03_LogServiceDLL\210720_Demon03_LogServiceDLL.csproj", "{BEBF2408-E3C2-4E15-9ADC-3FE407CB8E59}"
EndProject
Project("{9A19103F-16F7-4668-BE54-9A1E7A4F7556}") = "210720_Demon03_MailServiceDLL", "..\210720_Demon03_MailServiceDLL\210720_Demon03_MailServiceDLL.csproj", "{167EB29D-F6B4-46A9-B9E7-D6C93FDF2E2A}"
EndProject
Project("{9A19103F-16F7-4668-BE54-9A1E7A4F7556}") = "210718_Demon01_ApplyLINQ", "..\20210721-Demon01_ApplyLINQ\210718_Demon01_ApplyLINQ.csproj", "{6922BCA6-C238-4EFB-AD20-C16234CDEA7E}"
EndProject
Project("{9A19103F-16F7-4668-BE54-9A1E7A4F7556}") = "210720_Demon03_ConfigServiceDLL", "..\210720_Demon03_ConfigServiceDLL\210720_Demon03_ConfigServiceDLL.csproj", "{E3D46DF0-FA48-4669-840D-4B84D99900EE}"
EndProject
Project("{9A19103F-16F7-4668-BE54-9A1E7A4F7556}") = "210720_Demon03_DICase", "..\210720_Demon03_DICase\210720_Demon03_DICase.csproj", "{257C06F1-A194-4EC0-B839-BA3AB7F0BEBA}"
EndProject
Project("{9A19103F-16F7-4668-BE54-9A1E7A4F7556}") = "210722_Demon01_JsonConfigure", "..\210722_Demon01_JsonConfigure\210722_Demon01_JsonConfigure.csproj", "{26E0BF00-A55F-4A15-BB84-0103718276C5}"
EndProject
Project("{9A19103F-16F7-4668-BE54-9A1E7A4F7556}") = "210723_Demon01_JsonTransferClass", "..\210723_Demon01_JsonTransferClass\210723_Demon01_JsonTransferClass.csproj", "{FE810CC6-30E9-4FD6-82BA-0A7B64F62D63}"
EndProject
Project("{9A19103F-16F7-4668-BE54-9A1E7A4F7556}") = "210723_Demon02_JsonDIIOptionsSnapshot", "..\210723_Demon02_JsonDIIOptionsSnapshot\210723_Demon02_JsonDIIOptionsSnapshot.csproj", "{0BF07B15-EDF6-4447-AF61-1CA9438F8159}"
EndProject
Project("{9A19103F-16F7-4668-BE54-9A1E7A4F7556}") = "210725_Demon01_ASPNETCORE", "..\210725_Demon01_ASPNETCORE\210725_Demon01_ASPNETCORE.csproj", "{EBFE14CF-375D-4A11-B139-7EDC938503D0}"
EndProject
Project("{9A19103F-16F7-4668-BE54-9A1E7A4F7556}") = "210907_Demo01_OterConfigProvider", "..\210907_Demo01_OterConfigProvider\210907_Demo01_OterConfigProvider.csproj", "{661F9A94-3247-41C6-BEC0-88657B6356BD}"
EndProject
Project("{9A19103F-16F7-4668-BE54-9A1E7A4F7556}") = "210908_Demo01_OtherConfigProvider", "..\210908_Demo01_OtherConfigProvider\210908_Demo01_OtherConfigProvider.csproj", "{D95D930E-8F7F-49A8-8ED2-045F19AB5B10}"
EndProject
Project("{9A19103F-16F7-4668-BE54-9A1E7A4F7556}") = "210908_Demon02_WebConfigProvider", "..\210908_Demon02_WebConfigProvider\210908_Demon02_WebConfigProvider.csproj", "{885CDAE9-E229-43B9-A573-C3B2F043CCE5}"
EndProject
Project("{9A19103F-16F7-4668-BE54-9A1E7A4F7556}") = "210909_Demo01_xUnitStudy", "..\210909_Demo01_xUnitStudy\210909_Demo01_xUnitStudy.csproj", "{E9DB1CF9-0E5F-4FAE-ADA2-C82C505F975F}"
EndProject
Project("{9A19103F-16F7-4668-BE54-9A1E7A4F7556}") = "210909_Demo01_xUnitStudyTest", "..\210909_Demo01_xUnitStudyTest\210909_Demo01_xUnitStudyTest.csproj", "{3301F4C9-A3B2-4AA4-B300-6B5393C2B148}"
EndProject
Project("{9A19103F-16F7-4668-BE54-9A1E7A4F7556}") = "210910_Demo01_SendEmailByOutlook", "..\210910_Demo01_SendEmailByOutlook\210910_Demo01_SendEmailByOutlook.csproj", "{8A64D23F-6E0A-436C-8F2B-A177401BFA49}"
EndProject
Project("{9A19103F-16F7-4668-BE54-9A1E7A4F7556}") = "210910_Demo02_CalculateMode", "..\210910_Demo02_CalculateMode\210910_Demo02_CalculateMode.csproj", "{9F7C5C24-4136-4A28-AF5C-434B4B99CAB1}"
EndProject
Project("{9A19103F-16F7-4668-BE54-9A1E7A4F7556}") = "210915_Demon01_Logging", "..\210915_Demon01_Logging\210915_Demon01_Logging.csproj", "{E169ACA9-DC48-46BD-B549-7D4BDDDB6201}"
EndProject
Project("{9A19103F-16F7-4668-BE54-9A1E7A4F7556}") = "210916_Demon01_SSHClient", "..\210916_Demon01_SSHClient\210916_Demon01_SSHClient.csproj", "{33B5FBC0-ACC2-40DA-9046-3FA7F4CEE6E1}"
EndProject
Project("{9A19103F-16F7-4668-BE54-9A1E7A4F7556}") = "210917_Demon01_EFCoreAlbert", "..\210917_Demon01_EFCoreAlbert\210917_Demon01_EFCoreAlbert.csproj", "{31AF095F-62AA-4520-9592-6FCB1FA557F7}"
EndProject
Project("{9A19103F-16F7-4668-BE54-9A1E7A4F7556}") = "210922_Demon01_WriteTextToFile", "..\210922_Demon01_WriteTextToFile\210922_Demon01_WriteTextToFile.csproj", "{862605B2-07F5-4C82-8960-6D9F0735E19F}"
EndProject
Project("{9A19103F-16F7-4668-BE54-9A1E7A4F7556}") = "210925_Demon01_LinqReview", "..\210925_Demon01_LinqReview\210925_Demon01_LinqReview.csproj", "{66EFD7FB-CD3D-4097-802F-6E9D8D462A71}"
EndProject
Project("{9A19103F-16F7-4668-BE54-9A1E7A4F7556}") = "_211101_Demo01_ScaffoldDbContext", "..\_211101_Demo01_ScaffoldDbContext\_211101_Demo01_ScaffoldDbContext.csproj", "{2379E107-0DDC-4B14-93D6-67B01E411712}"
EndProject
Project("{9A19103F-16F7-4668-BE54-9A1E7A4F7556}") = "_211112_Demo01_DataBaseRelation", "..\_211112_Demo01_DataBaseRelation\_211112_Demo01_DataBaseRelation.csproj", "{1A1FF7EC-98F6-4106-A8CF-5BF5C821CD2A}"
EndProject
Project("{9A19103F-16F7-4668-BE54-9A1E7A4F7556}") = "_211115_Demo01_NewSyntax", "..\_211115_Demo01_NewSyntax\_211115_Demo01_NewSyntax.csproj", "{2013BF7C-F0BC-44F8-AB71-0334B716F063}"
EndProject
Project("{9A19103F-16F7-4668-BE54-9A1E7A4F7556}") = "_211118_Demo01_GolangCSharpImplement", "..\_211118_Demo01_GolangCSharpImplement\_211118_Demo01_GolangCSharpImplement.csproj", "{DF8EBA11-BE9A-4B38-96E5-15B441B155EE}"
EndProject
Project("{9A19103F-16F7-4668-BE54-9A1E7A4F7556}") = "PowershellExtensions", "..\PowershellExtensions\PowershellExtensions.csproj", "{39EB346C-1596-4B8A-9047-93CD97A0CEDD}"
EndProject
Project("{9A19103F-16F7-4668-BE54-9A1E7A4F7556}") = "CommandExtensions", "..\CommandExtensions\CommandExtensions.csproj", "{FE1E3FE8-6FAC-4112-9505-DA9120F50094}"
EndProject
Project("{9A19103F-16F7-4668-BE54-9A1E7A4F7556}") = "DataAnalysis", "..\DataAnalysis\DataAnalysis.csproj", "{6A75D8C0-22F7-4C40-9F1E-EFD5D5F64BCF}"
EndProject
Project("{9A19103F-16F7-4668-BE54-9A1E7A4F7556}") = "_211210_Demo01_WebMVC", "..\_211210_Demo01_WebMVC\_211210_Demo01_WebMVC.csproj", "{29476B6F-EEEE-47AA-A6CA-88F30779FF2C}"
EndProject
Project("{9A19103F-16F7-4668-BE54-9A1E7A4F7556}") = "_211210_Demo01_TestBondCompiler", "..\_211210_Demo01_TestBondCompiler\_211210_Demo01_TestBondCompiler.csproj", "{7ABB2E94-59A7-4C94-9618-E83A12620928}"
EndProject
Project("{9A19103F-16F7-4668-BE54-9A1E7A4F7556}") = "_220104_WebApi", "..\_220104_WebApi\_220104_WebApi.csproj", "{9845B882-BBDB-4F46-BB34-358BBFA4A151}"
EndProject
Project("{9A19103F-16F7-4668-BE54-9A1E7A4F7556}") = "_220104_WebApiLibrary01", "..\_220104_WebApiLibrary01\_220104_WebApiLibrary01.csproj", "{548E0FAF-0CD1-4802-BA41-583631805EFE}"
EndProject
Project("{9A19103F-16F7-4668-BE54-9A1E7A4F7556}") = "_220104_WebApiLibrary02", "..\_220104_WebApiLibrary02\_220104_WebApiLibrary02.csproj", "{9B7DDA1C-4808-4E75-9A16-C152EB45EE4A}"
EndProject
Project("{9A19103F-16F7-4668-BE54-9A1E7A4F7556}") = "SKIT_FlurlHttpClient_WechatAPI", "..\SKIT_FlurlHttpClient_WechatAPI\SKIT_FlurlHttpClient_WechatAPI.csproj", "{3AD8B806-322B-4FF5-909D-96B8F62FB440}"
EndProject
Project("{9A19103F-16F7-4668-BE54-9A1E7A4F7556}") = "_220115_DownloadFromRemote", "..\_220115_DownloadFromRemote\_220115_DownloadFromRemote.csproj", "{BC14B51B-2F47-4C75-8490-B2CC5C7C9DB6}"
EndProject
Project("{FAE04EC0-301F-11D3-BF4B-00C04F79EFBC}") = "TestCopyDirectoryAsyncProvider", "..\TestCopyDirectoryAsyncProvider\TestCopyDirectoryAsyncProvider.csproj", "{1E8460F7-586E-415C-BF66-370C1E407DD5}"
EndProject
Global
	GlobalSection(SolutionConfigurationPlatforms) = preSolution
		Debug|Any CPU = Debug|Any CPU
		Release|Any CPU = Release|Any CPU
	EndGlobalSection
	GlobalSection(ProjectConfigurationPlatforms) = postSolution
		{41D461D0-4DB1-4E28-A902-37D7A2A989C9}.Debug|Any CPU.ActiveCfg = Debug|Any CPU
		{41D461D0-4DB1-4E28-A902-37D7A2A989C9}.Debug|Any CPU.Build.0 = Debug|Any CPU
		{41D461D0-4DB1-4E28-A902-37D7A2A989C9}.Release|Any CPU.ActiveCfg = Release|Any CPU
		{41D461D0-4DB1-4E28-A902-37D7A2A989C9}.Release|Any CPU.Build.0 = Release|Any CPU
		{9B9047B2-A386-46F7-96A1-3A79638C0154}.Debug|Any CPU.ActiveCfg = Debug|Any CPU
		{9B9047B2-A386-46F7-96A1-3A79638C0154}.Debug|Any CPU.Build.0 = Debug|Any CPU
		{9B9047B2-A386-46F7-96A1-3A79638C0154}.Release|Any CPU.ActiveCfg = Release|Any CPU
		{9B9047B2-A386-46F7-96A1-3A79638C0154}.Release|Any CPU.Build.0 = Release|Any CPU
		{C34E5E00-948B-40D3-B905-31104516F2FD}.Debug|Any CPU.ActiveCfg = Debug|Any CPU
		{C34E5E00-948B-40D3-B905-31104516F2FD}.Debug|Any CPU.Build.0 = Debug|Any CPU
		{C34E5E00-948B-40D3-B905-31104516F2FD}.Release|Any CPU.ActiveCfg = Release|Any CPU
		{C34E5E00-948B-40D3-B905-31104516F2FD}.Release|Any CPU.Build.0 = Release|Any CPU
		{7DB32AF0-065A-484A-BD96-9456C7633E34}.Debug|Any CPU.ActiveCfg = Debug|Any CPU
		{7DB32AF0-065A-484A-BD96-9456C7633E34}.Debug|Any CPU.Build.0 = Debug|Any CPU
		{7DB32AF0-065A-484A-BD96-9456C7633E34}.Release|Any CPU.ActiveCfg = Release|Any CPU
		{7DB32AF0-065A-484A-BD96-9456C7633E34}.Release|Any CPU.Build.0 = Release|Any CPU
		{AE088C02-CA98-4F80-9B48-4A6CD3425553}.Debug|Any CPU.ActiveCfg = Debug|Any CPU
		{AE088C02-CA98-4F80-9B48-4A6CD3425553}.Debug|Any CPU.Build.0 = Debug|Any CPU
		{AE088C02-CA98-4F80-9B48-4A6CD3425553}.Release|Any CPU.ActiveCfg = Release|Any CPU
		{AE088C02-CA98-4F80-9B48-4A6CD3425553}.Release|Any CPU.Build.0 = Release|Any CPU
		{5BA4FF60-1831-4478-92A2-395D126CD6D7}.Debug|Any CPU.ActiveCfg = Debug|Any CPU
		{5BA4FF60-1831-4478-92A2-395D126CD6D7}.Debug|Any CPU.Build.0 = Debug|Any CPU
		{5BA4FF60-1831-4478-92A2-395D126CD6D7}.Release|Any CPU.ActiveCfg = Release|Any CPU
		{5BA4FF60-1831-4478-92A2-395D126CD6D7}.Release|Any CPU.Build.0 = Release|Any CPU
		{E76B9D45-51D9-41C1-BBDC-2734EB0B9CB7}.Debug|Any CPU.ActiveCfg = Debug|Any CPU
		{E76B9D45-51D9-41C1-BBDC-2734EB0B9CB7}.Debug|Any CPU.Build.0 = Debug|Any CPU
		{E76B9D45-51D9-41C1-BBDC-2734EB0B9CB7}.Release|Any CPU.ActiveCfg = Release|Any CPU
		{E76B9D45-51D9-41C1-BBDC-2734EB0B9CB7}.Release|Any CPU.Build.0 = Release|Any CPU
		{BEBF2408-E3C2-4E15-9ADC-3FE407CB8E59}.Debug|Any CPU.ActiveCfg = Debug|Any CPU
		{BEBF2408-E3C2-4E15-9ADC-3FE407CB8E59}.Debug|Any CPU.Build.0 = Debug|Any CPU
		{BEBF2408-E3C2-4E15-9ADC-3FE407CB8E59}.Release|Any CPU.ActiveCfg = Release|Any CPU
		{BEBF2408-E3C2-4E15-9ADC-3FE407CB8E59}.Release|Any CPU.Build.0 = Release|Any CPU
		{167EB29D-F6B4-46A9-B9E7-D6C93FDF2E2A}.Debug|Any CPU.ActiveCfg = Debug|Any CPU
		{167EB29D-F6B4-46A9-B9E7-D6C93FDF2E2A}.Debug|Any CPU.Build.0 = Debug|Any CPU
		{167EB29D-F6B4-46A9-B9E7-D6C93FDF2E2A}.Release|Any CPU.ActiveCfg = Release|Any CPU
		{167EB29D-F6B4-46A9-B9E7-D6C93FDF2E2A}.Release|Any CPU.Build.0 = Release|Any CPU
		{6922BCA6-C238-4EFB-AD20-C16234CDEA7E}.Debug|Any CPU.ActiveCfg = Debug|Any CPU
		{6922BCA6-C238-4EFB-AD20-C16234CDEA7E}.Debug|Any CPU.Build.0 = Debug|Any CPU
		{6922BCA6-C238-4EFB-AD20-C16234CDEA7E}.Release|Any CPU.ActiveCfg = Release|Any CPU
		{6922BCA6-C238-4EFB-AD20-C16234CDEA7E}.Release|Any CPU.Build.0 = Release|Any CPU
		{E3D46DF0-FA48-4669-840D-4B84D99900EE}.Debug|Any CPU.ActiveCfg = Debug|Any CPU
		{E3D46DF0-FA48-4669-840D-4B84D99900EE}.Debug|Any CPU.Build.0 = Debug|Any CPU
		{E3D46DF0-FA48-4669-840D-4B84D99900EE}.Release|Any CPU.ActiveCfg = Release|Any CPU
		{E3D46DF0-FA48-4669-840D-4B84D99900EE}.Release|Any CPU.Build.0 = Release|Any CPU
		{257C06F1-A194-4EC0-B839-BA3AB7F0BEBA}.Debug|Any CPU.ActiveCfg = Debug|Any CPU
		{257C06F1-A194-4EC0-B839-BA3AB7F0BEBA}.Debug|Any CPU.Build.0 = Debug|Any CPU
		{257C06F1-A194-4EC0-B839-BA3AB7F0BEBA}.Release|Any CPU.ActiveCfg = Release|Any CPU
		{257C06F1-A194-4EC0-B839-BA3AB7F0BEBA}.Release|Any CPU.Build.0 = Release|Any CPU
		{26E0BF00-A55F-4A15-BB84-0103718276C5}.Debug|Any CPU.ActiveCfg = Debug|Any CPU
		{26E0BF00-A55F-4A15-BB84-0103718276C5}.Debug|Any CPU.Build.0 = Debug|Any CPU
		{26E0BF00-A55F-4A15-BB84-0103718276C5}.Release|Any CPU.ActiveCfg = Release|Any CPU
		{26E0BF00-A55F-4A15-BB84-0103718276C5}.Release|Any CPU.Build.0 = Release|Any CPU
		{FE810CC6-30E9-4FD6-82BA-0A7B64F62D63}.Debug|Any CPU.ActiveCfg = Debug|Any CPU
		{FE810CC6-30E9-4FD6-82BA-0A7B64F62D63}.Debug|Any CPU.Build.0 = Debug|Any CPU
		{FE810CC6-30E9-4FD6-82BA-0A7B64F62D63}.Release|Any CPU.ActiveCfg = Release|Any CPU
		{FE810CC6-30E9-4FD6-82BA-0A7B64F62D63}.Release|Any CPU.Build.0 = Release|Any CPU
		{0BF07B15-EDF6-4447-AF61-1CA9438F8159}.Debug|Any CPU.ActiveCfg = Debug|Any CPU
		{0BF07B15-EDF6-4447-AF61-1CA9438F8159}.Debug|Any CPU.Build.0 = Debug|Any CPU
		{0BF07B15-EDF6-4447-AF61-1CA9438F8159}.Release|Any CPU.ActiveCfg = Release|Any CPU
		{0BF07B15-EDF6-4447-AF61-1CA9438F8159}.Release|Any CPU.Build.0 = Release|Any CPU
		{EBFE14CF-375D-4A11-B139-7EDC938503D0}.Debug|Any CPU.ActiveCfg = Debug|Any CPU
		{EBFE14CF-375D-4A11-B139-7EDC938503D0}.Debug|Any CPU.Build.0 = Debug|Any CPU
		{EBFE14CF-375D-4A11-B139-7EDC938503D0}.Release|Any CPU.ActiveCfg = Release|Any CPU
		{EBFE14CF-375D-4A11-B139-7EDC938503D0}.Release|Any CPU.Build.0 = Release|Any CPU
		{661F9A94-3247-41C6-BEC0-88657B6356BD}.Debug|Any CPU.ActiveCfg = Debug|Any CPU
		{661F9A94-3247-41C6-BEC0-88657B6356BD}.Debug|Any CPU.Build.0 = Debug|Any CPU
		{661F9A94-3247-41C6-BEC0-88657B6356BD}.Release|Any CPU.ActiveCfg = Release|Any CPU
		{661F9A94-3247-41C6-BEC0-88657B6356BD}.Release|Any CPU.Build.0 = Release|Any CPU
		{D95D930E-8F7F-49A8-8ED2-045F19AB5B10}.Debug|Any CPU.ActiveCfg = Debug|Any CPU
		{D95D930E-8F7F-49A8-8ED2-045F19AB5B10}.Debug|Any CPU.Build.0 = Debug|Any CPU
		{D95D930E-8F7F-49A8-8ED2-045F19AB5B10}.Release|Any CPU.ActiveCfg = Release|Any CPU
		{D95D930E-8F7F-49A8-8ED2-045F19AB5B10}.Release|Any CPU.Build.0 = Release|Any CPU
		{885CDAE9-E229-43B9-A573-C3B2F043CCE5}.Debug|Any CPU.ActiveCfg = Debug|Any CPU
		{885CDAE9-E229-43B9-A573-C3B2F043CCE5}.Debug|Any CPU.Build.0 = Debug|Any CPU
		{885CDAE9-E229-43B9-A573-C3B2F043CCE5}.Release|Any CPU.ActiveCfg = Release|Any CPU
		{885CDAE9-E229-43B9-A573-C3B2F043CCE5}.Release|Any CPU.Build.0 = Release|Any CPU
		{E9DB1CF9-0E5F-4FAE-ADA2-C82C505F975F}.Debug|Any CPU.ActiveCfg = Debug|Any CPU
		{E9DB1CF9-0E5F-4FAE-ADA2-C82C505F975F}.Debug|Any CPU.Build.0 = Debug|Any CPU
		{E9DB1CF9-0E5F-4FAE-ADA2-C82C505F975F}.Release|Any CPU.ActiveCfg = Release|Any CPU
		{E9DB1CF9-0E5F-4FAE-ADA2-C82C505F975F}.Release|Any CPU.Build.0 = Release|Any CPU
		{3301F4C9-A3B2-4AA4-B300-6B5393C2B148}.Debug|Any CPU.ActiveCfg = Debug|Any CPU
		{3301F4C9-A3B2-4AA4-B300-6B5393C2B148}.Debug|Any CPU.Build.0 = Debug|Any CPU
		{3301F4C9-A3B2-4AA4-B300-6B5393C2B148}.Release|Any CPU.ActiveCfg = Release|Any CPU
		{3301F4C9-A3B2-4AA4-B300-6B5393C2B148}.Release|Any CPU.Build.0 = Release|Any CPU
		{8A64D23F-6E0A-436C-8F2B-A177401BFA49}.Debug|Any CPU.ActiveCfg = Debug|Any CPU
		{8A64D23F-6E0A-436C-8F2B-A177401BFA49}.Debug|Any CPU.Build.0 = Debug|Any CPU
		{8A64D23F-6E0A-436C-8F2B-A177401BFA49}.Release|Any CPU.ActiveCfg = Release|Any CPU
		{8A64D23F-6E0A-436C-8F2B-A177401BFA49}.Release|Any CPU.Build.0 = Release|Any CPU
		{9F7C5C24-4136-4A28-AF5C-434B4B99CAB1}.Debug|Any CPU.ActiveCfg = Debug|Any CPU
		{9F7C5C24-4136-4A28-AF5C-434B4B99CAB1}.Debug|Any CPU.Build.0 = Debug|Any CPU
		{9F7C5C24-4136-4A28-AF5C-434B4B99CAB1}.Release|Any CPU.ActiveCfg = Release|Any CPU
		{9F7C5C24-4136-4A28-AF5C-434B4B99CAB1}.Release|Any CPU.Build.0 = Release|Any CPU
		{E169ACA9-DC48-46BD-B549-7D4BDDDB6201}.Debug|Any CPU.ActiveCfg = Debug|Any CPU
		{E169ACA9-DC48-46BD-B549-7D4BDDDB6201}.Debug|Any CPU.Build.0 = Debug|Any CPU
		{E169ACA9-DC48-46BD-B549-7D4BDDDB6201}.Release|Any CPU.ActiveCfg = Release|Any CPU
		{E169ACA9-DC48-46BD-B549-7D4BDDDB6201}.Release|Any CPU.Build.0 = Release|Any CPU
		{33B5FBC0-ACC2-40DA-9046-3FA7F4CEE6E1}.Debug|Any CPU.ActiveCfg = Debug|Any CPU
		{33B5FBC0-ACC2-40DA-9046-3FA7F4CEE6E1}.Debug|Any CPU.Build.0 = Debug|Any CPU
		{33B5FBC0-ACC2-40DA-9046-3FA7F4CEE6E1}.Release|Any CPU.ActiveCfg = Release|Any CPU
		{33B5FBC0-ACC2-40DA-9046-3FA7F4CEE6E1}.Release|Any CPU.Build.0 = Release|Any CPU
		{31AF095F-62AA-4520-9592-6FCB1FA557F7}.Debug|Any CPU.ActiveCfg = Debug|Any CPU
		{31AF095F-62AA-4520-9592-6FCB1FA557F7}.Debug|Any CPU.Build.0 = Debug|Any CPU
		{31AF095F-62AA-4520-9592-6FCB1FA557F7}.Release|Any CPU.ActiveCfg = Release|Any CPU
		{31AF095F-62AA-4520-9592-6FCB1FA557F7}.Release|Any CPU.Build.0 = Release|Any CPU
		{862605B2-07F5-4C82-8960-6D9F0735E19F}.Debug|Any CPU.ActiveCfg = Debug|Any CPU
		{862605B2-07F5-4C82-8960-6D9F0735E19F}.Debug|Any CPU.Build.0 = Debug|Any CPU
		{862605B2-07F5-4C82-8960-6D9F0735E19F}.Release|Any CPU.ActiveCfg = Release|Any CPU
		{862605B2-07F5-4C82-8960-6D9F0735E19F}.Release|Any CPU.Build.0 = Release|Any CPU
		{66EFD7FB-CD3D-4097-802F-6E9D8D462A71}.Debug|Any CPU.ActiveCfg = Debug|Any CPU
		{66EFD7FB-CD3D-4097-802F-6E9D8D462A71}.Debug|Any CPU.Build.0 = Debug|Any CPU
		{66EFD7FB-CD3D-4097-802F-6E9D8D462A71}.Release|Any CPU.ActiveCfg = Release|Any CPU
		{66EFD7FB-CD3D-4097-802F-6E9D8D462A71}.Release|Any CPU.Build.0 = Release|Any CPU
		{2379E107-0DDC-4B14-93D6-67B01E411712}.Debug|Any CPU.ActiveCfg = Debug|Any CPU
		{2379E107-0DDC-4B14-93D6-67B01E411712}.Debug|Any CPU.Build.0 = Debug|Any CPU
		{2379E107-0DDC-4B14-93D6-67B01E411712}.Release|Any CPU.ActiveCfg = Release|Any CPU
		{2379E107-0DDC-4B14-93D6-67B01E411712}.Release|Any CPU.Build.0 = Release|Any CPU
		{1A1FF7EC-98F6-4106-A8CF-5BF5C821CD2A}.Debug|Any CPU.ActiveCfg = Debug|Any CPU
		{1A1FF7EC-98F6-4106-A8CF-5BF5C821CD2A}.Debug|Any CPU.Build.0 = Debug|Any CPU
		{1A1FF7EC-98F6-4106-A8CF-5BF5C821CD2A}.Release|Any CPU.ActiveCfg = Release|Any CPU
		{1A1FF7EC-98F6-4106-A8CF-5BF5C821CD2A}.Release|Any CPU.Build.0 = Release|Any CPU
		{2013BF7C-F0BC-44F8-AB71-0334B716F063}.Debug|Any CPU.ActiveCfg = Debug|Any CPU
		{2013BF7C-F0BC-44F8-AB71-0334B716F063}.Debug|Any CPU.Build.0 = Debug|Any CPU
		{2013BF7C-F0BC-44F8-AB71-0334B716F063}.Release|Any CPU.ActiveCfg = Release|Any CPU
		{2013BF7C-F0BC-44F8-AB71-0334B716F063}.Release|Any CPU.Build.0 = Release|Any CPU
		{DF8EBA11-BE9A-4B38-96E5-15B441B155EE}.Debug|Any CPU.ActiveCfg = Debug|Any CPU
		{DF8EBA11-BE9A-4B38-96E5-15B441B155EE}.Debug|Any CPU.Build.0 = Debug|Any CPU
		{DF8EBA11-BE9A-4B38-96E5-15B441B155EE}.Release|Any CPU.ActiveCfg = Release|Any CPU
		{DF8EBA11-BE9A-4B38-96E5-15B441B155EE}.Release|Any CPU.Build.0 = Release|Any CPU
		{39EB346C-1596-4B8A-9047-93CD97A0CEDD}.Debug|Any CPU.ActiveCfg = Debug|Any CPU
		{39EB346C-1596-4B8A-9047-93CD97A0CEDD}.Debug|Any CPU.Build.0 = Debug|Any CPU
		{39EB346C-1596-4B8A-9047-93CD97A0CEDD}.Release|Any CPU.ActiveCfg = Release|Any CPU
		{39EB346C-1596-4B8A-9047-93CD97A0CEDD}.Release|Any CPU.Build.0 = Release|Any CPU
		{FE1E3FE8-6FAC-4112-9505-DA9120F50094}.Debug|Any CPU.ActiveCfg = Debug|Any CPU
		{FE1E3FE8-6FAC-4112-9505-DA9120F50094}.Debug|Any CPU.Build.0 = Debug|Any CPU
		{FE1E3FE8-6FAC-4112-9505-DA9120F50094}.Release|Any CPU.ActiveCfg = Release|Any CPU
		{FE1E3FE8-6FAC-4112-9505-DA9120F50094}.Release|Any CPU.Build.0 = Release|Any CPU
		{6A75D8C0-22F7-4C40-9F1E-EFD5D5F64BCF}.Debug|Any CPU.ActiveCfg = Debug|Any CPU
		{6A75D8C0-22F7-4C40-9F1E-EFD5D5F64BCF}.Debug|Any CPU.Build.0 = Debug|Any CPU
		{6A75D8C0-22F7-4C40-9F1E-EFD5D5F64BCF}.Release|Any CPU.ActiveCfg = Release|Any CPU
		{6A75D8C0-22F7-4C40-9F1E-EFD5D5F64BCF}.Release|Any CPU.Build.0 = Release|Any CPU
		{29476B6F-EEEE-47AA-A6CA-88F30779FF2C}.Debug|Any CPU.ActiveCfg = Debug|Any CPU
		{29476B6F-EEEE-47AA-A6CA-88F30779FF2C}.Debug|Any CPU.Build.0 = Debug|Any CPU
		{29476B6F-EEEE-47AA-A6CA-88F30779FF2C}.Release|Any CPU.ActiveCfg = Release|Any CPU
		{29476B6F-EEEE-47AA-A6CA-88F30779FF2C}.Release|Any CPU.Build.0 = Release|Any CPU
		{7ABB2E94-59A7-4C94-9618-E83A12620928}.Debug|Any CPU.ActiveCfg = Debug|Any CPU
		{7ABB2E94-59A7-4C94-9618-E83A12620928}.Debug|Any CPU.Build.0 = Debug|Any CPU
		{7ABB2E94-59A7-4C94-9618-E83A12620928}.Release|Any CPU.ActiveCfg = Release|Any CPU
		{7ABB2E94-59A7-4C94-9618-E83A12620928}.Release|Any CPU.Build.0 = Release|Any CPU
		{9845B882-BBDB-4F46-BB34-358BBFA4A151}.Debug|Any CPU.ActiveCfg = Debug|Any CPU
		{9845B882-BBDB-4F46-BB34-358BBFA4A151}.Debug|Any CPU.Build.0 = Debug|Any CPU
		{9845B882-BBDB-4F46-BB34-358BBFA4A151}.Release|Any CPU.ActiveCfg = Release|Any CPU
		{9845B882-BBDB-4F46-BB34-358BBFA4A151}.Release|Any CPU.Build.0 = Release|Any CPU
		{548E0FAF-0CD1-4802-BA41-583631805EFE}.Debug|Any CPU.ActiveCfg = Debug|Any CPU
		{548E0FAF-0CD1-4802-BA41-583631805EFE}.Debug|Any CPU.Build.0 = Debug|Any CPU
		{548E0FAF-0CD1-4802-BA41-583631805EFE}.Release|Any CPU.ActiveCfg = Release|Any CPU
		{548E0FAF-0CD1-4802-BA41-583631805EFE}.Release|Any CPU.Build.0 = Release|Any CPU
		{9B7DDA1C-4808-4E75-9A16-C152EB45EE4A}.Debug|Any CPU.ActiveCfg = Debug|Any CPU
		{9B7DDA1C-4808-4E75-9A16-C152EB45EE4A}.Debug|Any CPU.Build.0 = Debug|Any CPU
		{9B7DDA1C-4808-4E75-9A16-C152EB45EE4A}.Release|Any CPU.ActiveCfg = Release|Any CPU
		{9B7DDA1C-4808-4E75-9A16-C152EB45EE4A}.Release|Any CPU.Build.0 = Release|Any CPU
		{3AD8B806-322B-4FF5-909D-96B8F62FB440}.Debug|Any CPU.ActiveCfg = Debug|Any CPU
		{3AD8B806-322B-4FF5-909D-96B8F62FB440}.Debug|Any CPU.Build.0 = Debug|Any CPU
		{3AD8B806-322B-4FF5-909D-96B8F62FB440}.Release|Any CPU.ActiveCfg = Release|Any CPU
		{3AD8B806-322B-4FF5-909D-96B8F62FB440}.Release|Any CPU.Build.0 = Release|Any CPU
		{BC14B51B-2F47-4C75-8490-B2CC5C7C9DB6}.Debug|Any CPU.ActiveCfg = Debug|Any CPU
		{BC14B51B-2F47-4C75-8490-B2CC5C7C9DB6}.Debug|Any CPU.Build.0 = Debug|Any CPU
		{BC14B51B-2F47-4C75-8490-B2CC5C7C9DB6}.Release|Any CPU.ActiveCfg = Release|Any CPU
		{BC14B51B-2F47-4C75-8490-B2CC5C7C9DB6}.Release|Any CPU.Build.0 = Release|Any CPU
		{1E8460F7-586E-415C-BF66-370C1E407DD5}.Debug|Any CPU.ActiveCfg = Debug|Any CPU
		{1E8460F7-586E-415C-BF66-370C1E407DD5}.Debug|Any CPU.Build.0 = Debug|Any CPU
		{1E8460F7-586E-415C-BF66-370C1E407DD5}.Release|Any CPU.ActiveCfg = Release|Any CPU
		{1E8460F7-586E-415C-BF66-370C1E407DD5}.Release|Any CPU.Build.0 = Release|Any CPU
	EndGlobalSection
	GlobalSection(SolutionProperties) = preSolution
		HideSolutionNode = FALSE
	EndGlobalSection
	GlobalSection(ExtensibilityGlobals) = postSolution
		SolutionGuid = {5A169463-F1E7-4231-9532-BB059C06B56A}
	EndGlobalSection
EndGlobal
